{
  "version": 4,
  "terraform_version": "1.15.1",
  "serial": 1,
  "lineage": "f4c57a14-09c3-bf6b-f24c-50f465446ea8",
  "outputs": {
    "file_created": {
      "value": "./vm-info.txt",
      "type": "string"
    }
  },
  "resources": [
    {
      "mode": "managed",
      "type": "local_file",
      "name": "vm_file",
      "provider": "provider[\"registry.terraform.io/hashicorp/local\"]",
      "instances": [
        {
          "schema_version": 0,
          "attributes": {
            "content": "Terraform VM Project is working successfully in Ubuntu VM",
            "content_base64": null,
            "content_base64sha256": "V5vRx4J726MljmzokaFmfuubAC6j3EDlWFJeSz0yK6s=",
            "content_base64sha512": "sXLsFEzCrZ+wR1sAYX3je8Aah4wLForwX9Uq1dw/XWDWjypIjdr34YSPSa7hr006v2Dtf2qZAKdwMtugjxEdRg==",
            "content_md5": "3c57b05d357607bebcb40ba878c9280f",
            "content_sha1": "778fdd64f7c3c5cd3ce3c68fd53fdadd2c28cff1",
            "content_sha256": "579bd1c7827bdba3258e6ce891a1667eeb9b002ea3dc40e558525e4b3d322bab",
            "content_sha512": "b172ec144cc2ad9fb0475b00617de37bc01a878c0b168af05fd52ad5dc3f5d60d68f2a488ddaf7e1848f49aee1af4d3abf60ed7f6a9900a77032dba08f111d46",
            "directory_permission": "0777",
            "file_permission": "0777",
            "filename": "./vm-info.txt",
            "id": "778fdd64f7c3c5cd3ce3c68fd53fdadd2c28cff1",
            "sensitive_content": null,
            "source": null
          },
          "sensitive_attributes": [
            [
              {
                "type": "get_attr",
                "value": "sensitive_content"
              }
            ]
          ],
          "identity_schema_version": 0
        }
      ]
    }
  ],
  "check_results": null
}
